
Microsoft Visual Studio Solution File, Format Version 12.00
Project("{FAE04EC0-301F-11D3-BF4B-00C04F79EFBC}") = "Web", "Web\Web.csproj", "{7797EE76-B2B9-4A1B-809A-35DF8975607D}"
EndProject
Project("{FAE04EC0-301F-11D3-BF4B-00C04F79EFBC}") = "Application", "Application\Application.csproj", "{765F0DCA-DB47-4DCB-BF7B-37BB94BFE0BC}"
EndProject
Project("{FAE04EC0-301F-11D3-BF4B-00C04F79EFBC}") = "Data", "Data\Data.csproj", "{728CD26F-1AB6-4D31-B7F2-C42DBFCC3E53}"
EndProject
Project("{2150E333-8FDC-42A3-9474-1A3956D46DE8}") = "Solution Items", "Solution Items", "{A5EF04F4-311A-4AAC-A4D5-0C967C77EC96}"
EndProject
Project("{2150E333-8FDC-42A3-9474-1A3956D46DE8}") = "docker", "docker", "{137DAB97-1395-4884-87DB-3ECCC902EBB8}"
	ProjectSection(SolutionItems) = preProject
		docker-compose.yml = docker-compose.yml
	EndProjectSection
EndProject
Project("{2150E333-8FDC-42A3-9474-1A3956D46DE8}") = "pgadmin", "pgadmin", "{0FB298CB-C9C0-4FA9-8A33-7615290DAD72}"
	ProjectSection(SolutionItems) = preProject
		pgadmin_local_config.json = pgadmin_local_config.json
	EndProjectSection
EndProject
Global
	GlobalSection(SolutionConfigurationPlatforms) = preSolution
		Debug|Any CPU = Debug|Any CPU
		Release|Any CPU = Release|Any CPU
	EndGlobalSection
	GlobalSection(ProjectConfigurationPlatforms) = postSolution
		{7797EE76-B2B9-4A1B-809A-35DF8975607D}.Debug|Any CPU.ActiveCfg = Debug|Any CPU
		{7797EE76-B2B9-4A1B-809A-35DF8975607D}.Debug|Any CPU.Build.0 = Debug|Any CPU
		{7797EE76-B2B9-4A1B-809A-35DF8975607D}.Release|Any CPU.ActiveCfg = Release|Any CPU
		{7797EE76-B2B9-4A1B-809A-35DF8975607D}.Release|Any CPU.Build.0 = Release|Any CPU
		{765F0DCA-DB47-4DCB-BF7B-37BB94BFE0BC}.Debug|Any CPU.ActiveCfg = Debug|Any CPU
		{765F0DCA-DB47-4DCB-BF7B-37BB94BFE0BC}.Debug|Any CPU.Build.0 = Debug|Any CPU
		{765F0DCA-DB47-4DCB-BF7B-37BB94BFE0BC}.Release|Any CPU.ActiveCfg = Release|Any CPU
		{765F0DCA-DB47-4DCB-BF7B-37BB94BFE0BC}.Release|Any CPU.Build.0 = Release|Any CPU
		{728CD26F-1AB6-4D31-B7F2-C42DBFCC3E53}.Debug|Any CPU.ActiveCfg = Debug|Any CPU
		{728CD26F-1AB6-4D31-B7F2-C42DBFCC3E53}.Debug|Any CPU.Build.0 = Debug|Any CPU
		{728CD26F-1AB6-4D31-B7F2-C42DBFCC3E53}.Release|Any CPU.ActiveCfg = Release|Any CPU
		{728CD26F-1AB6-4D31-B7F2-C42DBFCC3E53}.Release|Any CPU.Build.0 = Release|Any CPU
	EndGlobalSection
	GlobalSection(NestedProjects) = preSolution
		{137DAB97-1395-4884-87DB-3ECCC902EBB8} = {A5EF04F4-311A-4AAC-A4D5-0C967C77EC96}
		{0FB298CB-C9C0-4FA9-8A33-7615290DAD72} = {A5EF04F4-311A-4AAC-A4D5-0C967C77EC96}
	EndGlobalSection
EndGlobal
